
Microsoft Visual Studio Solution File, Format Version 12.00
# Visual Studio Version 17
VisualStudioVersion = 17.7.34031.279
MinimumVisualStudioVersion = 10.0.40219.1
Project("{FAE04EC0-301F-11D3-BF4B-00C04F79EFBC}") = "FarmProductionAPI", "FarmProductionAPI.csproj", "{F9AF9646-1669-4702-8371-84CFE601F768}"
EndProject
Project("{FAE04EC0-301F-11D3-BF4B-00C04F79EFBC}") = "FarmProductionAPI.Domain", "..\FarmProductionAPI.Domain\FarmProductionAPI.Domain.csproj", "{C9C3E638-F3F0-4635-96DD-75018AAA0653}"
EndProject
Project("{FAE04EC0-301F-11D3-BF4B-00C04F79EFBC}") = "FarmProductionAPI.Core", "..\FarmProductionAPI.Core\FarmProductionAPI.Core.csproj", "{A5A20690-3FE1-471C-8252-A7DCE6EB7276}"
EndProject
Global
	GlobalSection(SolutionConfigurationPlatforms) = preSolution
		Debug|Any CPU = Debug|Any CPU
		Release|Any CPU = Release|Any CPU
	EndGlobalSection
	GlobalSection(ProjectConfigurationPlatforms) = postSolution
		{F9AF9646-1669-4702-8371-84CFE601F768}.Debug|Any CPU.ActiveCfg = Debug|Any CPU
		{F9AF9646-1669-4702-8371-84CFE601F768}.Debug|Any CPU.Build.0 = Debug|Any CPU
		{F9AF9646-1669-4702-8371-84CFE601F768}.Release|Any CPU.ActiveCfg = Release|Any CPU
		{F9AF9646-1669-4702-8371-84CFE601F768}.Release|Any CPU.Build.0 = Release|Any CPU
		{C9C3E638-F3F0-4635-96DD-75018AAA0653}.Debug|Any CPU.ActiveCfg = Debug|Any CPU
		{C9C3E638-F3F0-4635-96DD-75018AAA0653}.Debug|Any CPU.Build.0 = Debug|Any CPU
		{C9C3E638-F3F0-4635-96DD-75018AAA0653}.Release|Any CPU.ActiveCfg = Release|Any CPU
		{C9C3E638-F3F0-4635-96DD-75018AAA0653}.Release|Any CPU.Build.0 = Release|Any CPU
		{A5A20690-3FE1-471C-8252-A7DCE6EB7276}.Debug|Any CPU.ActiveCfg = Debug|Any CPU
		{A5A20690-3FE1-471C-8252-A7DCE6EB7276}.Debug|Any CPU.Build.0 = Debug|Any CPU
		{A5A20690-3FE1-471C-8252-A7DCE6EB7276}.Release|Any CPU.ActiveCfg = Release|Any CPU
		{A5A20690-3FE1-471C-8252-A7DCE6EB7276}.Release|Any CPU.Build.0 = Release|Any CPU
	EndGlobalSection
	GlobalSection(SolutionProperties) = preSolution
		HideSolutionNode = FALSE
	EndGlobalSection
	GlobalSection(ExtensibilityGlobals) = postSolution
		SolutionGuid = {EB16668B-2AE4-4E27-8964-A5F30A57CE02}
	EndGlobalSection
EndGlobal
